
Microsoft Visual Studio Solution File, Format Version 12.00
# Visual Studio Version 17
VisualStudioVersion = 17.0.31903.59
MinimumVisualStudioVersion = 10.0.40219.1
Project("{FAE04EC0-301F-11D3-BF4B-00C04F79EFBC}") = "API", "API\API.csproj", "{1A6987B6-82DE-4290-BCBB-C93A5B2F0BEE}"
EndProject
Project("{FAE04EC0-301F-11D3-BF4B-00C04F79EFBC}") = "Application", "Application\Application.csproj", "{EF893FCE-C40C-4313-A31C-3825E602A982}"
EndProject
Project("{FAE04EC0-301F-11D3-BF4B-00C04F79EFBC}") = "Domain", "Domain\Domain.csproj", "{99DEB3CE-D6C9-4623-B7A3-88549F0087F1}"
EndProject
Project("{FAE04EC0-301F-11D3-BF4B-00C04F79EFBC}") = "Persistence", "Persistence\Persistence.csproj", "{E95E09E4-5E27-4AD8-8C94-CA9975895DBA}"
EndProject
Project("{FAE04EC0-301F-11D3-BF4B-00C04F79EFBC}") = "Infrastructure", "Infrastructure\Infrastructure.csproj", "{01841870-0EF0-457B-9468-42F74C52D444}"
EndProject
Global
	GlobalSection(SolutionConfigurationPlatforms) = preSolution
		Debug|Any CPU = Debug|Any CPU
		Release|Any CPU = Release|Any CPU
	EndGlobalSection
	GlobalSection(SolutionProperties) = preSolution
		HideSolutionNode = FALSE
	EndGlobalSection
	GlobalSection(ProjectConfigurationPlatforms) = postSolution
		{1A6987B6-82DE-4290-BCBB-C93A5B2F0BEE}.Debug|Any CPU.ActiveCfg = Debug|Any CPU
		{1A6987B6-82DE-4290-BCBB-C93A5B2F0BEE}.Debug|Any CPU.Build.0 = Debug|Any CPU
		{1A6987B6-82DE-4290-BCBB-C93A5B2F0BEE}.Release|Any CPU.ActiveCfg = Release|Any CPU
		{1A6987B6-82DE-4290-BCBB-C93A5B2F0BEE}.Release|Any CPU.Build.0 = Release|Any CPU
		{EF893FCE-C40C-4313-A31C-3825E602A982}.Debug|Any CPU.ActiveCfg = Debug|Any CPU
		{EF893FCE-C40C-4313-A31C-3825E602A982}.Debug|Any CPU.Build.0 = Debug|Any CPU
		{EF893FCE-C40C-4313-A31C-3825E602A982}.Release|Any CPU.ActiveCfg = Release|Any CPU
		{EF893FCE-C40C-4313-A31C-3825E602A982}.Release|Any CPU.Build.0 = Release|Any CPU
		{99DEB3CE-D6C9-4623-B7A3-88549F0087F1}.Debug|Any CPU.ActiveCfg = Debug|Any CPU
		{99DEB3CE-D6C9-4623-B7A3-88549F0087F1}.Debug|Any CPU.Build.0 = Debug|Any CPU
		{99DEB3CE-D6C9-4623-B7A3-88549F0087F1}.Release|Any CPU.ActiveCfg = Release|Any CPU
		{99DEB3CE-D6C9-4623-B7A3-88549F0087F1}.Release|Any CPU.Build.0 = Release|Any CPU
		{E95E09E4-5E27-4AD8-8C94-CA9975895DBA}.Debug|Any CPU.ActiveCfg = Debug|Any CPU
		{E95E09E4-5E27-4AD8-8C94-CA9975895DBA}.Debug|Any CPU.Build.0 = Debug|Any CPU
		{E95E09E4-5E27-4AD8-8C94-CA9975895DBA}.Release|Any CPU.ActiveCfg = Release|Any CPU
		{E95E09E4-5E27-4AD8-8C94-CA9975895DBA}.Release|Any CPU.Build.0 = Release|Any CPU
		{01841870-0EF0-457B-9468-42F74C52D444}.Debug|Any CPU.ActiveCfg = Debug|Any CPU
		{01841870-0EF0-457B-9468-42F74C52D444}.Debug|Any CPU.Build.0 = Debug|Any CPU
		{01841870-0EF0-457B-9468-42F74C52D444}.Release|Any CPU.ActiveCfg = Release|Any CPU
		{01841870-0EF0-457B-9468-42F74C52D444}.Release|Any CPU.Build.0 = Release|Any CPU
	EndGlobalSection
EndGlobal
